
Microsoft Visual Studio Solution File, Format Version 12.00
# Visual Studio Version 17
VisualStudioVersion = 17.13.35919.96 d17.13
MinimumVisualStudioVersion = 10.0.40219.1
Project("{FAE04EC0-301F-11D3-BF4B-00C04F79EFBC}") = "Exercícios_Pratica", "Exercícios_Pratica\Exercícios_Pratica.csproj", "{CFC14523-444F-4BEB-A36C-DF3922653F6E}"
EndProject
Global
	GlobalSection(SolutionConfigurationPlatforms) = preSolution
		Debug|Any CPU = Debug|Any CPU
		Release|Any CPU = Release|Any CPU
	EndGlobalSection
	GlobalSection(ProjectConfigurationPlatforms) = postSolution
		{CFC14523-444F-4BEB-A36C-DF3922653F6E}.Debug|Any CPU.ActiveCfg = Debug|Any CPU
		{CFC14523-444F-4BEB-A36C-DF3922653F6E}.Debug|Any CPU.Build.0 = Debug|Any CPU
		{CFC14523-444F-4BEB-A36C-DF3922653F6E}.Release|Any CPU.ActiveCfg = Release|Any CPU
		{CFC14523-444F-4BEB-A36C-DF3922653F6E}.Release|Any CPU.Build.0 = Release|Any CPU
	EndGlobalSection
	GlobalSection(SolutionProperties) = preSolution
		HideSolutionNode = FALSE
	EndGlobalSection
	GlobalSection(ExtensibilityGlobals) = postSolution
		SolutionGuid = {2A637FD4-CA26-42AD-896D-74A29CE50A31}
	EndGlobalSection
EndGlobal
